
Microsoft Visual Studio Solution File, Format Version 12.00
# Visual Studio Version 16
VisualStudioVersion = 16.0.30011.22
MinimumVisualStudioVersion = 10.0.40219.1
Project("{8BC9CEB8-8B4A-11D0-8D11-00A0C91BC942}") = "sfml_teste_n1", "sfml_teste_n1\sfml_teste_n1.vcxproj", "{9B754268-247E-4C8B-8381-50C47C2E254B}"
EndProject
Global
	GlobalSection(SolutionConfigurationPlatforms) = preSolution
		Debug|x64 = Debug|x64
		Debug|x86 = Debug|x86
		Release|x64 = Release|x64
		Release|x86 = Release|x86
	EndGlobalSection
	GlobalSection(ProjectConfigurationPlatforms) = postSolution
		{9B754268-247E-4C8B-8381-50C47C2E254B}.Debug|x64.ActiveCfg = Debug|x64
		{9B754268-247E-4C8B-8381-50C47C2E254B}.Debug|x64.Build.0 = Debug|x64
		{9B754268-247E-4C8B-8381-50C47C2E254B}.Debug|x86.ActiveCfg = Debug|Win32
		{9B754268-247E-4C8B-8381-50C47C2E254B}.Debug|x86.Build.0 = Debug|Win32
		{9B754268-247E-4C8B-8381-50C47C2E254B}.Release|x64.ActiveCfg = Release|x64
		{9B754268-247E-4C8B-8381-50C47C2E254B}.Release|x64.Build.0 = Release|x64
		{9B754268-247E-4C8B-8381-50C47C2E254B}.Release|x86.ActiveCfg = Release|Win32
		{9B754268-247E-4C8B-8381-50C47C2E254B}.Release|x86.Build.0 = Release|Win32
	EndGlobalSection
	GlobalSection(SolutionProperties) = preSolution
		HideSolutionNode = FALSE
	EndGlobalSection
	GlobalSection(ExtensibilityGlobals) = postSolution
		SolutionGuid = {BB9579E7-92A1-4661-8A1D-A1CD8F30ECB6}
	EndGlobalSection
EndGlobal
