<?xml version="1.0" encoding="utf-8"?>
<Project ToolsVersion="4.0" xmlns="http://schemas.microsoft.com/developer/msbuild/2003">
  <ItemGroup>
    <Filter Include="Source Files">
      <UniqueIdentifier>{4FC737F1-C7A5-4376-A066-2A32D752A2FF}</UniqueIdentifier>
      <Extensions>cpp;c;cc;cxx;c++;def;odl;idl;hpj;bat;asm;asmx</Extensions>
    </Filter>
    <Filter Include="Header Files">
      <UniqueIdentifier>{93995380-89BD-4b04-88EB-625FBE52EBFB}</UniqueIdentifier>
      <Extensions>h;hh;hpp;hxx;h++;hm;inl;inc;ipp;xsd</Extensions>
    </Filter>
    <Filter Include="Resource Files">
      <UniqueIdentifier>{67DA6AB6-F800-4c08-8B7A-83BB121AAD01}</UniqueIdentifier>
      <Extensions>rc;ico;cur;bmp;dlg;rc2;rct;bin;rgs;gif;jpg;jpeg;jpe;resx;tiff;tif;png;wav;mfcribbon-ms</Extensions>
    </Filter>
    <Filter Include="Header Files\entities">
      <UniqueIdentifier>{5f2ee3b4-6de9-4156-b755-024147fc0e2e}</UniqueIdentifier>
    </Filter>
    <Filter Include="Header Files\GUI">
      <UniqueIdentifier>{0ae4f4ad-617a-40e4-9971-bfdf46efad97}</UniqueIdentifier>
    </Filter>
    <Filter Include="Source Files\entities">
      <UniqueIdentifier>{677c1a09-84d2-45dd-bd01-5e60fc81153a}</UniqueIdentifier>
    </Filter>
    <Filter Include="Source Files\GUI">
      <UniqueIdentifier>{42dd717c-a941-47a9-b29c-e91cdb41c865}</UniqueIdentifier>
    </Filter>
    <Filter Include="Source Files\GUI\controls">
      <UniqueIdentifier>{dd56309c-fe4f-48f9-a358-6d450696ab10}</UniqueIdentifier>
    </Filter>
    <Filter Include="Header Files\GUI\controls">
      <UniqueIdentifier>{f32b4907-f57c-4ef5-978b-d11be63134cc}</UniqueIdentifier>
    </Filter>
  </ItemGroup>
  <ItemGroup>
    <ClInclude Include="Background.h">
      <Filter>Header Files\entities</Filter>
    </ClInclude>
    <ClInclude Include="WorldDecoration.h">
      <Filter>Header Files\entities</Filter>
    </ClInclude>
    <ClInclude Include="GameEngine.h">
      <Filter>Header Files\entities</Filter>
    </ClInclude>
    <ClInclude Include="MapManager.h">
      <Filter>Header Files\entities</Filter>
    </ClInclude>
    <ClInclude Include="Player.h">
      <Filter>Header Files\entities</Filter>
    </ClInclude>
    <ClInclude Include="PlayerAnimation.h">
      <Filter>Header Files\entities</Filter>
    </ClInclude>
    <ClInclude Include="resource.h">
      <Filter>Header Files\entities</Filter>
    </ClInclude>
    <ClInclude Include="World.h">
      <Filter>Header Files\entities</Filter>
    </ClInclude>
    <ClInclude Include="WorldTile.h">
      <Filter>Header Files\entities</Filter>
    </ClInclude>
    <ClInclude Include="resource1.h">
      <Filter>Header Files</Filter>
    </ClInclude>
    <ClInclude Include="GUI_Controls.h">
      <Filter>Header Files\GUI</Filter>
    </ClInclude>
    <ClInclude Include="Button.h">
      <Filter>Header Files\GUI\controls</Filter>
    </ClInclude>
    <ClInclude Include="Intro.h">
      <Filter>Header Files\GUI\controls</Filter>
    </ClInclude>
    <ClInclude Include="Textbox.h">
      <Filter>Header Files\GUI\controls</Filter>
    </ClInclude>
    <ClInclude Include="EventHandler.h">
      <Filter>Header Files\GUI</Filter>
    </ClInclude>
    <ClInclude Include="Menu.h">
      <Filter>Header Files\GUI</Filter>
    </ClInclude>
    <ClInclude Include="Definitions.h">
      <Filter>Header Files</Filter>
    </ClInclude>
    <ClInclude Include="ComboBox.h">
      <Filter>Header Files\GUI\controls</Filter>
    </ClInclude>
    <ClInclude Include="ItemComboBox.h">
      <Filter>Header Files\GUI\controls</Filter>
    </ClInclude>
    <ClInclude Include="Label.h">
      <Filter>Header Files\GUI\controls</Filter>
    </ClInclude>
  </ItemGroup>
  <ItemGroup>
    <ClCompile Include="Main.cpp">
      <Filter>Source Files</Filter>
    </ClCompile>
    <ClCompile Include="Background.cpp">
      <Filter>Source Files\entities</Filter>
    </ClCompile>
    <ClCompile Include="WorldDecoration.cpp">
      <Filter>Source Files\entities</Filter>
    </ClCompile>
    <ClCompile Include="GameEngine.cpp">
      <Filter>Source Files\entities</Filter>
    </ClCompile>
    <ClCompile Include="MapManager.cpp">
      <Filter>Source Files\entities</Filter>
    </ClCompile>
    <ClCompile Include="Player.cpp">
      <Filter>Source Files\entities</Filter>
    </ClCompile>
    <ClCompile Include="PlayerAnimation.cpp">
      <Filter>Source Files\entities</Filter>
    </ClCompile>
    <ClCompile Include="World.cpp">
      <Filter>Source Files\entities</Filter>
    </ClCompile>
    <ClCompile Include="WorldTile.cpp">
      <Filter>Source Files\entities</Filter>
    </ClCompile>
    <ClCompile Include="GUI_Controls.cpp">
      <Filter>Source Files\GUI</Filter>
    </ClCompile>
    <ClCompile Include="Button.cpp">
      <Filter>Source Files\GUI\controls</Filter>
    </ClCompile>
    <ClCompile Include="Intro.cpp">
      <Filter>Source Files\GUI\controls</Filter>
    </ClCompile>
    <ClCompile Include="Textbox.cpp">
      <Filter>Source Files\GUI\controls</Filter>
    </ClCompile>
    <ClCompile Include="Menu.cpp">
      <Filter>Source Files\GUI</Filter>
    </ClCompile>
    <ClCompile Include="ComboBox.cpp">
      <Filter>Source Files\GUI\controls</Filter>
    </ClCompile>
    <ClCompile Include="ItemComboBox.cpp">
      <Filter>Source Files\GUI\controls</Filter>
    </ClCompile>
    <ClCompile Include="Label.cpp">
      <Filter>Source Files\GUI\controls</Filter>
    </ClCompile>
  </ItemGroup>
  <ItemGroup>
    <ResourceCompile Include="sfml_teste_n1.rc">
      <Filter>Resource Files</Filter>
    </ResourceCompile>
  </ItemGroup>
  <ItemGroup>
    <Image Include="worldTileSprites.png">
      <Filter>Resource Files</Filter>
    </Image>
    <Image Include="worldDecorationSprites.png">
      <Filter>Resource Files</Filter>
    </Image>
    <Image Include="playerSprites.png">
      <Filter>Resource Files</Filter>
    </Image>
    <Image Include="backgroundSprites.png">
      <Filter>Resource Files</Filter>
    </Image>
  </ItemGroup>
  <ItemGroup>
    <None Include="font1.bin">
      <Filter>Resource Files</Filter>
    </None>
    <None Include="font2.bin">
      <Filter>Resource Files</Filter>
    </None>
  </ItemGroup>
</Project>